
Microsoft Visual Studio Solution File, Format Version 12.00
# Visual Studio 15
VisualStudioVersion = 15.0.28307.271
MinimumVisualStudioVersion = 10.0.40219.1
Project("{FAE04EC0-301F-11D3-BF4B-00C04F79EFBC}") = "HelloWorld_WFA", "HelloWorld_WFA\HelloWorld_WFA.csproj", "{B866B35C-1547-4A1A-9291-78EF4F8F8F20}"
EndProject
Global
	GlobalSection(SolutionConfigurationPlatforms) = preSolution
		Debug|Any CPU = Debug|Any CPU
		Release|Any CPU = Release|Any CPU
	EndGlobalSection
	GlobalSection(ProjectConfigurationPlatforms) = postSolution
		{B866B35C-1547-4A1A-9291-78EF4F8F8F20}.Debug|Any CPU.ActiveCfg = Debug|Any CPU
		{B866B35C-1547-4A1A-9291-78EF4F8F8F20}.Debug|Any CPU.Build.0 = Debug|Any CPU
		{B866B35C-1547-4A1A-9291-78EF4F8F8F20}.Release|Any CPU.ActiveCfg = Release|Any CPU
		{B866B35C-1547-4A1A-9291-78EF4F8F8F20}.Release|Any CPU.Build.0 = Release|Any CPU
	EndGlobalSection
	GlobalSection(SolutionProperties) = preSolution
		HideSolutionNode = FALSE
	EndGlobalSection
	GlobalSection(ExtensibilityGlobals) = postSolution
		SolutionGuid = {7EE27C30-AF31-44EF-A55E-9EEE1FB9B408}
	EndGlobalSection
EndGlobal
